
Microsoft Visual Studio Solution File, Format Version 12.00
# Visual Studio Version 17
VisualStudioVersion = 17.12.35527.113 d17.12
MinimumVisualStudioVersion = 10.0.40219.1
Project("{F184B08F-C81C-45F6-A57F-5ABD9991F28F}") = "LogAndGraphData", "LogAndGraphData\LogAndGraphData.vbproj", "{D39F2521-32A7-441C-953F-72638F7E692E}"
EndProject
Global
	GlobalSection(SolutionConfigurationPlatforms) = preSolution
		Debug|Any CPU = Debug|Any CPU
		Release|Any CPU = Release|Any CPU
	EndGlobalSection
	GlobalSection(ProjectConfigurationPlatforms) = postSolution
		{D39F2521-32A7-441C-953F-72638F7E692E}.Debug|Any CPU.ActiveCfg = Debug|Any CPU
		{D39F2521-32A7-441C-953F-72638F7E692E}.Debug|Any CPU.Build.0 = Debug|Any CPU
		{D39F2521-32A7-441C-953F-72638F7E692E}.Release|Any CPU.ActiveCfg = Release|Any CPU
		{D39F2521-32A7-441C-953F-72638F7E692E}.Release|Any CPU.Build.0 = Release|Any CPU
	EndGlobalSection
	GlobalSection(SolutionProperties) = preSolution
		HideSolutionNode = FALSE
	EndGlobalSection
EndGlobal
